<?xml version="1.0" encoding="UTF-8"?>
<CONFIG>
  <ProjectOptions>
    <Version Value="11"/>
    <General>
      <Flags>
        <MainUnitHasUsesSectionForAllUnits Value="False"/>
        <MainUnitHasCreateFormStatements Value="False"/>
        <MainUnitHasTitleStatement Value="False"/>
        <MainUnitHasScaledStatement Value="False"/>
        <LRSInOutputDirectory Value="False"/>
      </Flags>
      <MainUnit Value="0"/>
      <AutoCreateForms Value="False"/>
      <Title Value="lite8"/>
      <ResourceType Value="res"/>
    </General>
    <i18n>
      <EnableI18N LFM="False"/>
    </i18n>
    <BuildModes Count="1" Active="Default">
      <Item1 Name="Default" Default="True"/>
    </BuildModes>
    <PublishOptions>
      <Version Value="2"/>
    </PublishOptions>
    <RunParams>
      <FormatVersion Value="2"/>
      <Modes Count="1">
        <Mode0 Name="default"/>
      </Modes>
    </RunParams>
    <RequiredPackages Count="1">
      <Item1>
        <PackageName Value="pascalscriptfcl"/>
      </Item1>
    </RequiredPackages>
    <Units Count="28">
      <Unit0>
        <Filename Value="lite8.pas"/>
        <IsPartOfProject Value="True"/>
        <EditorIndex Value="3"/>
        <TopLine Value="367"/>
        <CursorPos X="75" Y="375"/>
        <UsageCount Value="91"/>
        <Loaded Value="True"/>
        <DefaultSyntaxHighlighter Value="Delphi"/>
      </Unit0>
      <Unit1>
        <Filename Value="../../../allegros/allegro.pas-5.2.b.1-1/src/examples/common.pas"/>
        <UnitName Value="Common"/>
        <EditorIndex Value="-1"/>
        <TopLine Value="47"/>
        <CursorPos X="36" Y="89"/>
        <UsageCount Value="14"/>
        <DefaultSyntaxHighlighter Value="Delphi"/>
      </Unit1>
      <Unit2>
        <Filename Value="../../../../lazarus32/fpc/3.2.0/source/rtl/inc/systemh.inc"/>
        <EditorIndex Value="-1"/>
        <TopLine Value="736"/>
        <CursorPos X="27" Y="741"/>
        <UsageCount Value="3"/>
      </Unit2>
      <Unit3>
        <Filename Value="../../../allegros/allegro.pas-5.2.b.1-1/src/lib/keycodes.inc"/>
        <EditorIndex Value="1"/>
        <TopLine Value="106"/>
        <CursorPos X="19" Y="110"/>
        <UsageCount Value="21"/>
        <Loaded Value="True"/>
        <DefaultSyntaxHighlighter Value="Delphi"/>
      </Unit3>
      <Unit4>
        <Filename Value="../../../allegros/allegro.pas-5.2.b.1-1/src/lib/allegro5.pas"/>
        <UnitName Value="Allegro5"/>
        <EditorIndex Value="16"/>
        <TopLine Value="109"/>
        <CursorPos X="88" Y="194"/>
        <UsageCount Value="45"/>
        <Loaded Value="True"/>
        <DefaultSyntaxHighlighter Value="Delphi"/>
      </Unit4>
      <Unit5>
        <Filename Value="../../../allegros/allegro.pas-5.2.b.1-1/src/lib/al5strings.pas"/>
        <EditorIndex Value="-1"/>
        <TopLine Value="158"/>
        <CursorPos X="12" Y="77"/>
        <UsageCount Value="6"/>
        <DefaultSyntaxHighlighter Value="Delphi"/>
      </Unit5>
      <Unit6>
        <Filename Value="../../../allegros/allegro.pas-5.2.b.1-1/src/lib/al5font.pas"/>
        <EditorIndex Value="-1"/>
        <TopLine Value="48"/>
        <CursorPos X="36" Y="67"/>
        <UsageCount Value="5"/>
        <DefaultSyntaxHighlighter Value="Delphi"/>
      </Unit6>
      <Unit7>
        <Filename Value="pas_loader.pas"/>
        <IsPartOfProject Value="True"/>
        <EditorIndex Value="15"/>
        <TopLine Value="10"/>
        <CursorPos X="21" Y="30"/>
        <UsageCount Value="86"/>
        <Loaded Value="True"/>
        <DefaultSyntaxHighlighter Value="Delphi"/>
      </Unit7>
      <Unit8>
        <Filename Value="../../../../lazarus32/fpc/3.2.0/source/rtl/win/sysutils.pp"/>
        <UnitName Value="SysUtils"/>
        <EditorIndex Value="-1"/>
        <UsageCount Value="10"/>
      </Unit8>
      <Unit9>
        <Filename Value="../../../../lazarus32/fpc/3.2.0/source/rtl/objpas/classes/classesh.inc"/>
        <EditorIndex Value="-1"/>
        <TopLine Value="800"/>
        <CursorPos X="3" Y="816"/>
        <UsageCount Value="3"/>
      </Unit9>
      <Unit10>
        <Filename Value="../../pas-script/unit1.pas"/>
        <UnitName Value="Unit1"/>
        <EditorIndex Value="-1"/>
        <TopLine Value="112"/>
        <UsageCount Value="3"/>
        <DefaultSyntaxHighlighter Value="Delphi"/>
      </Unit10>
      <Unit11>
        <Filename Value="api.pas"/>
        <IsPartOfProject Value="True"/>
        <EditorIndex Value="18"/>
        <CursorPos X="19" Y="15"/>
        <UsageCount Value="83"/>
        <Loaded Value="True"/>
        <DefaultSyntaxHighlighter Value="Delphi"/>
      </Unit11>
      <Unit12>
        <Filename Value="../../../allegros/allegro.pas-5.2.b.1-1/src/lib/al5base.pas"/>
        <UnitName Value="al5Base"/>
        <EditorIndex Value="17"/>
        <TopLine Value="73"/>
        <CursorPos X="5" Y="89"/>
        <UsageCount Value="39"/>
        <Loaded Value="True"/>
        <DefaultSyntaxHighlighter Value="Delphi"/>
      </Unit12>
      <Unit13>
        <Filename Value="api_implementation.inc"/>
        <IsPartOfProject Value="True"/>
        <TopLine Value="40"/>
        <CursorPos X="18" Y="61"/>
        <UsageCount Value="83"/>
        <Loaded Value="True"/>
        <DefaultSyntaxHighlighter Value="Delphi"/>
      </Unit13>
      <Unit14>
        <Filename Value="api_helper.pas"/>
        <IsPartOfProject Value="True"/>
        <EditorIndex Value="2"/>
        <TopLine Value="62"/>
        <CursorPos X="12" Y="82"/>
        <UsageCount Value="81"/>
        <Loaded Value="True"/>
        <DefaultSyntaxHighlighter Value="Delphi"/>
      </Unit14>
      <Unit15>
        <Filename Value="../../../../lazarus32/fpc/3.2.0/source/rtl/objpas/objpas.pp"/>
        <EditorIndex Value="-1"/>
        <CursorPos X="14" Y="33"/>
        <UsageCount Value="10"/>
      </Unit15>
      <Unit16>
        <Filename Value="../../../allegros/allegro.pas-5.2.b.1-1/src/lib/al5color.pas"/>
        <EditorIndex Value="-1"/>
        <UsageCount Value="5"/>
        <DefaultSyntaxHighlighter Value="Delphi"/>
      </Unit16>
      <Unit17>
        <Filename Value="ps.pas"/>
        <IsPartOfProject Value="True"/>
        <EditorIndex Value="4"/>
        <TopLine Value="216"/>
        <CursorPos X="38" Y="215"/>
        <FoldState Value=" T6c0{KC"/>
        <UsageCount Value="39"/>
        <Loaded Value="True"/>
        <DefaultSyntaxHighlighter Value="Delphi"/>
      </Unit17>
      <Unit18>
        <Filename Value="../../../../lazarus32/components/PascalScript/Source/uPSComponent.pas"/>
        <EditorIndex Value="7"/>
        <TopLine Value="495"/>
        <CursorPos Y="513"/>
        <UsageCount Value="20"/>
        <Loaded Value="True"/>
      </Unit18>
      <Unit19>
        <Filename Value="../../../../lazarus32/components/PascalScript/Source/uPSC_dll.pas"/>
        <EditorIndex Value="14"/>
        <TopLine Value="126"/>
        <CursorPos X="125" Y="71"/>
        <UsageCount Value="20"/>
        <Loaded Value="True"/>
      </Unit19>
      <Unit20>
        <Filename Value="../../../../lazarus32/fpc/3.2.0/source/rtl/inc/objpash.inc"/>
        <EditorIndex Value="6"/>
        <TopLine Value="181"/>
        <CursorPos X="8" Y="196"/>
        <UsageCount Value="19"/>
        <Loaded Value="True"/>
      </Unit20>
      <Unit21>
        <Filename Value="../../../../lazarus32/components/PascalScript/Source/uPSRuntime.pas"/>
        <EditorIndex Value="10"/>
        <TopLine Value="48"/>
        <CursorPos X="3" Y="64"/>
        <UsageCount Value="19"/>
        <Loaded Value="True"/>
      </Unit21>
      <Unit22>
        <Filename Value="../../../../lazarus32/components/PascalScript/Source/uPSUtils.pas"/>
        <EditorIndex Value="12"/>
        <TopLine Value="1022"/>
        <CursorPos Y="1038"/>
        <FoldState Value=" T3=T0#V1 T1*e2_7G"/>
        <UsageCount Value="19"/>
        <Loaded Value="True"/>
      </Unit22>
      <Unit23>
        <Filename Value="../../../../lazarus32/components/PascalScript/Source/PascalScript.inc"/>
        <EditorIndex Value="13"/>
        <UsageCount Value="19"/>
        <Loaded Value="True"/>
      </Unit23>
      <Unit24>
        <Filename Value="../../../../lazarus32/components/PascalScript/Source/pascalscript.pas"/>
        <EditorIndex Value="11"/>
        <UsageCount Value="18"/>
        <Loaded Value="True"/>
      </Unit24>
      <Unit25>
        <Filename Value="../../../../lazarus32/components/PascalScript/Source/uPSCompiler.pas"/>
        <EditorIndex Value="9"/>
        <TopLine Value="2266"/>
        <CursorPos Y="2297"/>
        <FoldState Value=" T0j(L4j T3l{72o0112"/>
        <UsageCount Value="18"/>
        <Loaded Value="True"/>
      </Unit25>
      <Unit26>
        <Filename Value="../../../../lazarus32/components/PascalScript/Source/uPSPreProcessor.pas"/>
        <EditorIndex Value="8"/>
        <TopLine Value="136"/>
        <CursorPos X="63" Y="142"/>
        <UsageCount Value="16"/>
        <Loaded Value="True"/>
      </Unit26>
      <Unit27>
        <Filename Value="ps_patch.pas"/>
        <IsPartOfProject Value="True"/>
        <IsVisibleTab Value="True"/>
        <EditorIndex Value="5"/>
        <TopLine Value="211"/>
        <CursorPos X="62" Y="229"/>
        <UsageCount Value="27"/>
        <Loaded Value="True"/>
        <DefaultSyntaxHighlighter Value="Delphi"/>
      </Unit27>
    </Units>
    <JumpHistory Count="30" HistoryIndex="29">
      <Position1>
        <Filename Value="../../../../lazarus32/components/PascalScript/Source/uPSRuntime.pas"/>
        <Caret Line="12008" TopLine="11997"/>
      </Position1>
      <Position2>
        <Filename Value="../../../../lazarus32/components/PascalScript/Source/uPSRuntime.pas"/>
        <Caret Line="12009" TopLine="11997"/>
      </Position2>
      <Position3>
        <Filename Value="../../../../lazarus32/components/PascalScript/Source/uPSRuntime.pas"/>
        <Caret Line="12010" TopLine="11997"/>
      </Position3>
      <Position4>
        <Filename Value="../../../../lazarus32/components/PascalScript/Source/uPSUtils.pas"/>
        <Caret Line="1038" TopLine="1022"/>
      </Position4>
      <Position5>
        <Filename Value="../../../../lazarus32/components/PascalScript/Source/uPSRuntime.pas"/>
        <Caret Line="12010" TopLine="12004"/>
      </Position5>
      <Position6>
        <Filename Value="../../../../lazarus32/components/PascalScript/Source/uPSRuntime.pas"/>
        <Caret Line="2262" TopLine="2246"/>
      </Position6>
      <Position7>
        <Filename Value="../../../../lazarus32/components/PascalScript/Source/uPSRuntime.pas"/>
        <Caret Line="2263" TopLine="2246"/>
      </Position7>
      <Position8>
        <Filename Value="../../../../lazarus32/components/PascalScript/Source/uPSRuntime.pas"/>
        <Caret Line="2264" TopLine="2246"/>
      </Position8>
      <Position9>
        <Filename Value="../../../../lazarus32/components/PascalScript/Source/uPSRuntime.pas"/>
        <Caret Line="2265" TopLine="2246"/>
      </Position9>
      <Position10>
        <Filename Value="../../../../lazarus32/components/PascalScript/Source/uPSRuntime.pas"/>
        <Caret Line="2266" TopLine="2246"/>
      </Position10>
      <Position11>
        <Filename Value="../../../../lazarus32/components/PascalScript/Source/uPSRuntime.pas"/>
        <Caret Line="2267" TopLine="2246"/>
      </Position11>
      <Position12>
        <Filename Value="../../../../lazarus32/components/PascalScript/Source/uPSRuntime.pas"/>
        <Caret Line="2268" TopLine="2246"/>
      </Position12>
      <Position13>
        <Filename Value="../../../../lazarus32/components/PascalScript/Source/uPSRuntime.pas"/>
        <Caret Line="2269" TopLine="2246"/>
      </Position13>
      <Position14>
        <Filename Value="../../../../lazarus32/components/PascalScript/Source/uPSRuntime.pas"/>
        <Caret Line="2270" TopLine="2246"/>
      </Position14>
      <Position15>
        <Filename Value="ps_patch.pas"/>
        <Caret Line="202" TopLine="185"/>
      </Position15>
      <Position16>
        <Filename Value="../../../../lazarus32/components/PascalScript/Source/uPSRuntime.pas"/>
        <Caret Line="709" Column="14" TopLine="695"/>
      </Position16>
      <Position17>
        <Filename Value="../../../../lazarus32/components/PascalScript/Source/uPSRuntime.pas"/>
        <Caret Line="7343" Column="60" TopLine="7334"/>
      </Position17>
      <Position18>
        <Filename Value="ps_patch.pas"/>
        <Caret Line="204" Column="75" TopLine="182"/>
      </Position18>
      <Position19>
        <Filename Value="ps_patch.pas"/>
        <Caret Line="205" Column="65" TopLine="187"/>
      </Position19>
      <Position20>
        <Filename Value="../../../../lazarus32/components/PascalScript/Source/uPSRuntime.pas"/>
        <Caret Line="673" Column="14" TopLine="659"/>
      </Position20>
      <Position21>
        <Filename Value="ps_patch.pas"/>
        <Caret Line="205" Column="36" TopLine="187"/>
      </Position21>
      <Position22>
        <Filename Value="../../../../lazarus32/components/PascalScript/Source/uPSRuntime.pas"/>
        <Caret Line="2219" Column="58" TopLine="2217"/>
      </Position22>
      <Position23>
        <Filename Value="ps_patch.pas"/>
        <Caret Line="27" Column="14" TopLine="74"/>
      </Position23>
      <Position24>
        <Filename Value="ps_patch.pas"/>
        <Caret Line="208" TopLine="192"/>
      </Position24>
      <Position25>
        <Filename Value="ps.pas"/>
        <Caret Line="192" TopLine="176"/>
      </Position25>
      <Position26>
        <Filename Value="../../../../lazarus32/components/PascalScript/Source/uPSRuntime.pas"/>
        <Caret Line="2219" Column="28" TopLine="2215"/>
      </Position26>
      <Position27>
        <Filename Value="ps_patch.pas"/>
        <Caret Line="208" Column="68" TopLine="189"/>
      </Position27>
      <Position28>
        <Filename Value="api.pas"/>
        <Caret Line="15" Column="19"/>
      </Position28>
      <Position29>
        <Filename Value="api_implementation.inc"/>
        <Caret Line="61" Column="18" TopLine="40"/>
      </Position29>
      <Position30>
        <Filename Value="ps.pas"/>
        <Caret Line="165" Column="32" TopLine="148"/>
      </Position30>
    </JumpHistory>
  </ProjectOptions>
  <CompilerOptions>
    <Version Value="11"/>
    <Target>
      <Filename Value="../bin/lite8"/>
    </Target>
    <SearchPaths>
      <IncludeFiles Value="$(ProjOutDir)"/>
      <OtherUnitFiles Value="../../../allegros/allegro.pas-5.2.b.1-1/src/lib"/>
      <UnitOutputDirectory Value="lib/$(TargetCPU)-$(TargetOS)"/>
    </SearchPaths>
    <Parsing>
      <SyntaxOptions>
        <SyntaxMode Value="Delphi"/>
        <CStyleOperator Value="False"/>
        <AllowLabel Value="False"/>
      </SyntaxOptions>
    </Parsing>
    <CodeGeneration>
      <SmartLinkUnit Value="True"/>
      <Optimizations>
        <OptimizationLevel Value="3"/>
      </Optimizations>
    </CodeGeneration>
    <Linking>
      <Debugging>
        <StripSymbols Value="True"/>
        <UseExternalDbgSyms Value="True"/>
      </Debugging>
      <LinkSmart Value="True"/>
    </Linking>
    <Other>
      <Verbosity>
        <ShowHints Value="False"/>
      </Verbosity>
    </Other>
  </CompilerOptions>
  <Debugging>
    <Exceptions Count="3">
      <Item1>
        <Name Value="EAbort"/>
      </Item1>
      <Item2>
        <Name Value="ECodetoolError"/>
      </Item2>
      <Item3>
        <Name Value="EFOpenError"/>
      </Item3>
    </Exceptions>
  </Debugging>
</CONFIG>
